// !$*UTF8*$!
{
	archiveVersion = 1;
	classes = {
	};
	objectVersion = 50;
	objects = {

/* Begin PBXBuildFile section */
		792CB57D22F4236A00516411 /* ExtensionUIColor.swift in Sources */ = {isa = PBXBuildFile; fileRef = 792CB57C22F4236A00516411 /* ExtensionUIColor.swift */; };
		79CCC35022F7D9BF00FE8E26 /* NotificationCenter.framework in Frameworks */ = {isa = PBXBuildFile; fileRef = 79CCC34F22F7D9BF00FE8E26 /* NotificationCenter.framework */; };
		79CCC35322F7D9BF00FE8E26 /* TodayViewController.swift in Sources */ = {isa = PBXBuildFile; fileRef = 79CCC35222F7D9BF00FE8E26 /* TodayViewController.swift */; };
		79CCC35622F7D9BF00FE8E26 /* MainInterface.storyboard in Resources */ = {isa = PBXBuildFile; fileRef = 79CCC35422F7D9BF00FE8E26 /* MainInterface.storyboard */; };
		79CCC35A22F7D9BF00FE8E26 /* TodayExtension.appex in Embed App Extensions */ = {isa = PBXBuildFile; fileRef = 79CCC34D22F7D9BF00FE8E26 /* TodayExtension.appex */; settings = {ATTRIBUTES = (RemoveHeadersOnCopy, ); }; };
		79F4B5A422F8058000F585A1 /* FlipLabel.swift in Sources */ = {isa = PBXBuildFile; fileRef = 95F00AAF22E73F9900F8F8F1 /* FlipLabel.swift */; };
		79F4B5A522F805C000F585A1 /* ExtensionUIColor.swift in Sources */ = {isa = PBXBuildFile; fileRef = 792CB57C22F4236A00516411 /* ExtensionUIColor.swift */; };
		95F00A8222E73F7300F8F8F1 /* AppDelegate.swift in Sources */ = {isa = PBXBuildFile; fileRef = 95F00A8122E73F7300F8F8F1 /* AppDelegate.swift */; };
		95F00A8422E73F7300F8F8F1 /* ViewController.swift in Sources */ = {isa = PBXBuildFile; fileRef = 95F00A8322E73F7300F8F8F1 /* ViewController.swift */; };
		95F00A8722E73F7300F8F8F1 /* Main.storyboard in Resources */ = {isa = PBXBuildFile; fileRef = 95F00A8522E73F7300F8F8F1 /* Main.storyboard */; };
		95F00A8922E73F7500F8F8F1 /* Assets.xcassets in Resources */ = {isa = PBXBuildFile; fileRef = 95F00A8822E73F7500F8F8F1 /* Assets.xcassets */; };
		95F00A8C22E73F7500F8F8F1 /* LaunchScreen.storyboard in Resources */ = {isa = PBXBuildFile; fileRef = 95F00A8A22E73F7500F8F8F1 /* LaunchScreen.storyboard */; };
		95F00A9722E73F7500F8F8F1 /* FlipClockTests.swift in Sources */ = {isa = PBXBuildFile; fileRef = 95F00A9622E73F7500F8F8F1 /* FlipClockTests.swift */; };
		95F00AA222E73F7500F8F8F1 /* FlipClockUITests.swift in Sources */ = {isa = PBXBuildFile; fileRef = 95F00AA122E73F7500F8F8F1 /* FlipClockUITests.swift */; };
		95F00AB022E73F9900F8F8F1 /* FlipLabel.swift in Sources */ = {isa = PBXBuildFile; fileRef = 95F00AAF22E73F9900F8F8F1 /* FlipLabel.swift */; };
		95FC825C22F9D142008B1E10 /* Assets.xcassets in Resources */ = {isa = PBXBuildFile; fileRef = 95F00A8822E73F7500F8F8F1 /* Assets.xcassets */; };
/* End PBXBuildFile section */

/* Begin PBXContainerItemProxy section */
		79CCC35822F7D9BF00FE8E26 /* PBXContainerItemProxy */ = {
			isa = PBXContainerItemProxy;
			containerPortal = 95F00A7622E73F7300F8F8F1 /* Project object */;
			proxyType = 1;
			remoteGlobalIDString = 79CCC34C22F7D9BF00FE8E26;
			remoteInfo = TodayExtension;
		};
		95F00A9322E73F7500F8F8F1 /* PBXContainerItemProxy */ = {
			isa = PBXContainerItemProxy;
			containerPortal = 95F00A7622E73F7300F8F8F1 /* Project object */;
			proxyType = 1;
			remoteGlobalIDString = 95F00A7D22E73F7300F8F8F1;
			remoteInfo = FlipClock;
		};
		95F00A9E22E73F7500F8F8F1 /* PBXContainerItemProxy */ = {
			isa = PBXContainerItemProxy;
			containerPortal = 95F00A7622E73F7300F8F8F1 /* Project object */;
			proxyType = 1;
			remoteGlobalIDString = 95F00A7D22E73F7300F8F8F1;
			remoteInfo = FlipClock;
		};
/* End PBXContainerItemProxy section */

/* Begin PBXCopyFilesBuildPhase section */
		79CCC35E22F7D9BF00FE8E26 /* Embed App Extensions */ = {
			isa = PBXCopyFilesBuildPhase;
			buildActionMask = 2147483647;
			dstPath = "";
			dstSubfolderSpec = 13;
			files = (
				79CCC35A22F7D9BF00FE8E26 /* TodayExtension.appex in Embed App Extensions */,
			);
			name = "Embed App Extensions";
			runOnlyForDeploymentPostprocessing = 0;
		};
/* End PBXCopyFilesBuildPhase section */

/* Begin PBXFileReference section */
		792CB57C22F4236A00516411 /* ExtensionUIColor.swift */ = {isa = PBXFileReference; lastKnownFileType = sourcecode.swift; path = ExtensionUIColor.swift; sourceTree = "<group>"; };
		79CCC34D22F7D9BF00FE8E26 /* TodayExtension.appex */ = {isa = PBXFileReference; explicitFileType = "wrapper.app-extension"; includeInIndex = 0; path = TodayExtension.appex; sourceTree = BUILT_PRODUCTS_DIR; };
		79CCC34F22F7D9BF00FE8E26 /* NotificationCenter.framework */ = {isa = PBXFileReference; lastKnownFileType = wrapper.framework; name = NotificationCenter.framework; path = System/Library/Frameworks/NotificationCenter.framework; sourceTree = SDKROOT; };
		79CCC35222F7D9BF00FE8E26 /* TodayViewController.swift */ = {isa = PBXFileReference; lastKnownFileType = sourcecode.swift; path = TodayViewController.swift; sourceTree = "<group>"; };
		79CCC35522F7D9BF00FE8E26 /* Base */ = {isa = PBXFileReference; lastKnownFileType = file.storyboard; name = Base; path = Base.lproj/MainInterface.storyboard; sourceTree = "<group>"; };
		79CCC35722F7D9BF00FE8E26 /* Info.plist */ = {isa = PBXFileReference; lastKnownFileType = text.plist.xml; path = Info.plist; sourceTree = "<group>"; };
		95F00A7E22E73F7300F8F8F1 /* FlipClock.app */ = {isa = PBXFileReference; explicitFileType = wrapper.application; includeInIndex = 0; path = FlipClock.app; sourceTree = BUILT_PRODUCTS_DIR; };
		95F00A8122E73F7300F8F8F1 /* AppDelegate.swift */ = {isa = PBXFileReference; lastKnownFileType = sourcecode.swift; path = AppDelegate.swift; sourceTree = "<group>"; };
		95F00A8322E73F7300F8F8F1 /* ViewController.swift */ = {isa = PBXFileReference; lastKnownFileType = sourcecode.swift; path = ViewController.swift; sourceTree = "<group>"; };
		95F00A8622E73F7300F8F8F1 /* Base */ = {isa = PBXFileReference; lastKnownFileType = file.storyboard; name = Base; path = Base.lproj/Main.storyboard; sourceTree = "<group>"; };
		95F00A8822E73F7500F8F8F1 /* Assets.xcassets */ = {isa = PBXFileReference; lastKnownFileType = folder.assetcatalog; path = Assets.xcassets; sourceTree = "<group>"; };
		95F00A8B22E73F7500F8F8F1 /* Base */ = {isa = PBXFileReference; lastKnownFileType = file.storyboard; name = Base; path = Base.lproj/LaunchScreen.storyboard; sourceTree = "<group>"; };
		95F00A8D22E73F7500F8F8F1 /* Info.plist */ = {isa = PBXFileReference; lastKnownFileType = text.plist.xml; path = Info.plist; sourceTree = "<group>"; };
		95F00A9222E73F7500F8F8F1 /* FlipClockTests.xctest */ = {isa = PBXFileReference; explicitFileType = wrapper.cfbundle; includeInIndex = 0; path = FlipClockTests.xctest; sourceTree = BUILT_PRODUCTS_DIR; };
		95F00A9622E73F7500F8F8F1 /* FlipClockTests.swift */ = {isa = PBXFileReference; lastKnownFileType = sourcecode.swift; path = FlipClockTests.swift; sourceTree = "<group>"; };
		95F00A9822E73F7500F8F8F1 /* Info.plist */ = {isa = PBXFileReference; lastKnownFileType = text.plist.xml; path = Info.plist; sourceTree = "<group>"; };
		95F00A9D22E73F7500F8F8F1 /* FlipClockUITests.xctest */ = {isa = PBXFileReference; explicitFileType = wrapper.cfbundle; includeInIndex = 0; path = FlipClockUITests.xctest; sourceTree = BUILT_PRODUCTS_DIR; };
		95F00AA122E73F7500F8F8F1 /* FlipClockUITests.swift */ = {isa = PBXFileReference; lastKnownFileType = sourcecode.swift; path = FlipClockUITests.swift; sourceTree = "<group>"; };
		95F00AA322E73F7500F8F8F1 /* Info.plist */ = {isa = PBXFileReference; lastKnownFileType = text.plist.xml; path = Info.plist; sourceTree = "<group>"; };
		95F00AAF22E73F9900F8F8F1 /* FlipLabel.swift */ = {isa = PBXFileReference; fileEncoding = 4; lastKnownFileType = sourcecode.swift; path = FlipLabel.swift; sourceTree = "<group>"; };
/* End PBXFileReference section */

/* Begin PBXFrameworksBuildPhase section */
		79CCC34A22F7D9BF00FE8E26 /* Frameworks */ = {
			isa = PBXFrameworksBuildPhase;
			buildActionMask = 2147483647;
			files = (
				79CCC35022F7D9BF00FE8E26 /* NotificationCenter.framework in Frameworks */,
			);
			runOnlyForDeploymentPostprocessing = 0;
		};
		95F00A7B22E73F7300F8F8F1 /* Frameworks */ = {
			isa = PBXFrameworksBuildPhase;
			buildActionMask = 2147483647;
			files = (
			);
			runOnlyForDeploymentPostprocessing = 0;
		};
		95F00A8F22E73F7500F8F8F1 /* Frameworks */ = {
			isa = PBXFrameworksBuildPhase;
			buildActionMask = 2147483647;
			files = (
			);
			runOnlyForDeploymentPostprocessing = 0;
		};
		95F00A9A22E73F7500F8F8F1 /* Frameworks */ = {
			isa = PBXFrameworksBuildPhase;
			buildActionMask = 2147483647;
			files = (
			);
			runOnlyForDeploymentPostprocessing = 0;
		};
/* End PBXFrameworksBuildPhase section */

/* Begin PBXGroup section */
		792CB57B22F4216A00516411 /* Extension */ = {
			isa = PBXGroup;
			children = (
				792CB57C22F4236A00516411 /* ExtensionUIColor.swift */,
			);
			name = Extension;
			sourceTree = "<group>";
		};
		79CCC34E22F7D9BF00FE8E26 /* Frameworks */ = {
			isa = PBXGroup;
			children = (
				79CCC34F22F7D9BF00FE8E26 /* NotificationCenter.framework */,
			);
			name = Frameworks;
			sourceTree = "<group>";
		};
		79CCC35122F7D9BF00FE8E26 /* TodayExtension */ = {
			isa = PBXGroup;
			children = (
				79CCC35222F7D9BF00FE8E26 /* TodayViewController.swift */,
				79CCC35422F7D9BF00FE8E26 /* MainInterface.storyboard */,
				79CCC35722F7D9BF00FE8E26 /* Info.plist */,
			);
			path = TodayExtension;
			sourceTree = "<group>";
		};
		95F00A7522E73F7300F8F8F1 = {
			isa = PBXGroup;
			children = (
				95F00A8022E73F7300F8F8F1 /* FlipClock */,
				95F00A9522E73F7500F8F8F1 /* FlipClockTests */,
				95F00AA022E73F7500F8F8F1 /* FlipClockUITests */,
				79CCC35122F7D9BF00FE8E26 /* TodayExtension */,
				79CCC34E22F7D9BF00FE8E26 /* Frameworks */,
				95F00A7F22E73F7300F8F8F1 /* Products */,
			);
			sourceTree = "<group>";
		};
		95F00A7F22E73F7300F8F8F1 /* Products */ = {
			isa = PBXGroup;
			children = (
				95F00A7E22E73F7300F8F8F1 /* FlipClock.app */,
				95F00A9222E73F7500F8F8F1 /* FlipClockTests.xctest */,
				95F00A9D22E73F7500F8F8F1 /* FlipClockUITests.xctest */,
				79CCC34D22F7D9BF00FE8E26 /* TodayExtension.appex */,
			);
			name = Products;
			sourceTree = "<group>";
		};
		95F00A8022E73F7300F8F8F1 /* FlipClock */ = {
			isa = PBXGroup;
			children = (
				792CB57B22F4216A00516411 /* Extension */,
				95F00A8122E73F7300F8F8F1 /* AppDelegate.swift */,
				95F00A8322E73F7300F8F8F1 /* ViewController.swift */,
				95F00AAF22E73F9900F8F8F1 /* FlipLabel.swift */,
				95F00A8522E73F7300F8F8F1 /* Main.storyboard */,
				95F00A8822E73F7500F8F8F1 /* Assets.xcassets */,
				95F00A8A22E73F7500F8F8F1 /* LaunchScreen.storyboard */,
				95F00A8D22E73F7500F8F8F1 /* Info.plist */,
			);
			path = FlipClock;
			sourceTree = "<group>";
		};
		95F00A9522E73F7500F8F8F1 /* FlipClockTests */ = {
			isa = PBXGroup;
			children = (
				95F00A9622E73F7500F8F8F1 /* FlipClockTests.swift */,
				95F00A9822E73F7500F8F8F1 /* Info.plist */,
			);
			path = FlipClockTests;
			sourceTree = "<group>";
		};
		95F00AA022E73F7500F8F8F1 /* FlipClockUITests */ = {
			isa = PBXGroup;
			children = (
				95F00AA122E73F7500F8F8F1 /* FlipClockUITests.swift */,
				95F00AA322E73F7500F8F8F1 /* Info.plist */,
			);
			path = FlipClockUITests;
			sourceTree = "<group>";
		};
/* End PBXGroup section */

/* Begin PBXNativeTarget section */
		79CCC34C22F7D9BF00FE8E26 /* TodayExtension */ = {
			isa = PBXNativeTarget;
			buildConfigurationList = 79CCC35D22F7D9BF00FE8E26 /* Build configuration list for PBXNativeTarget "TodayExtension" */;
			buildPhases = (
				79CCC34922F7D9BF00FE8E26 /* Sources */,
				79CCC34A22F7D9BF00FE8E26 /* Frameworks */,
				79CCC34B22F7D9BF00FE8E26 /* Resources */,
			);
			buildRules = (
			);
			dependencies = (
			);
			name = TodayExtension;
			productName = TodayExtension;
			productReference = 79CCC34D22F7D9BF00FE8E26 /* TodayExtension.appex */;
			productType = "com.apple.product-type.app-extension";
		};
		95F00A7D22E73F7300F8F8F1 /* FlipClock */ = {
			isa = PBXNativeTarget;
			buildConfigurationList = 95F00AA622E73F7500F8F8F1 /* Build configuration list for PBXNativeTarget "FlipClock" */;
			buildPhases = (
				95F00A7A22E73F7300F8F8F1 /* Sources */,
				95F00A7B22E73F7300F8F8F1 /* Frameworks */,
				95F00A7C22E73F7300F8F8F1 /* Resources */,
				79CCC35E22F7D9BF00FE8E26 /* Embed App Extensions */,
			);
			buildRules = (
			);
			dependencies = (
				79CCC35922F7D9BF00FE8E26 /* PBXTargetDependency */,
			);
			name = FlipClock;
			productName = FlipClock;
			productReference = 95F00A7E22E73F7300F8F8F1 /* FlipClock.app */;
			productType = "com.apple.product-type.application";
		};
		95F00A9122E73F7500F8F8F1 /* FlipClockTests */ = {
			isa = PBXNativeTarget;
			buildConfigurationList = 95F00AA922E73F7500F8F8F1 /* Build configuration list for PBXNativeTarget "FlipClockTests" */;
			buildPhases = (
				95F00A8E22E73F7500F8F8F1 /* Sources */,
				95F00A8F22E73F7500F8F8F1 /* Frameworks */,
				95F00A9022E73F7500F8F8F1 /* Resources */,
			);
			buildRules = (
			);
			dependencies = (
				95F00A9422E73F7500F8F8F1 /* PBXTargetDependency */,
			);
			name = FlipClockTests;
			productName = FlipClockTests;
			productReference = 95F00A9222E73F7500F8F8F1 /* FlipClockTests.xctest */;
			productType = "com.apple.product-type.bundle.unit-test";
		};
		95F00A9C22E73F7500F8F8F1 /* FlipClockUITests */ = {
			isa = PBXNativeTarget;
			buildConfigurationList = 95F00AAC22E73F7500F8F8F1 /* Build configuration list for PBXNativeTarget "FlipClockUITests" */;
			buildPhases = (
				95F00A9922E73F7500F8F8F1 /* Sources */,
				95F00A9A22E73F7500F8F8F1 /* Frameworks */,
				95F00A9B22E73F7500F8F8F1 /* Resources */,
			);
			buildRules = (
			);
			dependencies = (
				95F00A9F22E73F7500F8F8F1 /* PBXTargetDependency */,
			);
			name = FlipClockUITests;
			productName = FlipClockUITests;
			productReference = 95F00A9D22E73F7500F8F8F1 /* FlipClockUITests.xctest */;
			productType = "com.apple.product-type.bundle.ui-testing";
		};
/* End PBXNativeTarget section */

/* Begin PBXProject section */
		95F00A7622E73F7300F8F8F1 /* Project object */ = {
			isa = PBXProject;
			attributes = {
				LastSwiftUpdateCheck = 1020;
				LastUpgradeCheck = 1030;
				ORGANIZATIONNAME = anjing;
				TargetAttributes = {
					79CCC34C22F7D9BF00FE8E26 = {
						CreatedOnToolsVersion = 10.2.1;
					};
					95F00A7D22E73F7300F8F8F1 = {
						CreatedOnToolsVersion = 10.3;
					};
					95F00A9122E73F7500F8F8F1 = {
						CreatedOnToolsVersion = 10.3;
						TestTargetID = 95F00A7D22E73F7300F8F8F1;
					};
					95F00A9C22E73F7500F8F8F1 = {
						CreatedOnToolsVersion = 10.3;
						TestTargetID = 95F00A7D22E73F7300F8F8F1;
					};
				};
			};
			buildConfigurationList = 95F00A7922E73F7300F8F8F1 /* Build configuration list for PBXProject "FlipClock" */;
			compatibilityVersion = "Xcode 9.3";
			developmentRegion = en;
			hasScannedForEncodings = 0;
			knownRegions = (
				en,
				Base,
			);
			mainGroup = 95F00A7522E73F7300F8F8F1;
			productRefGroup = 95F00A7F22E73F7300F8F8F1 /* Products */;
			projectDirPath = "";
			projectRoot = "";
			targets = (
				95F00A7D22E73F7300F8F8F1 /* FlipClock */,
				95F00A9122E73F7500F8F8F1 /* FlipClockTests */,
				95F00A9C22E73F7500F8F8F1 /* FlipClockUITests */,
				79CCC34C22F7D9BF00FE8E26 /* TodayExtension */,
			);
		};
/* End PBXProject section */

/* Begin PBXResourcesBuildPhase section */
		79CCC34B22F7D9BF00FE8E26 /* Resources */ = {
			isa = PBXResourcesBuildPhase;
			buildActionMask = 2147483647;
			files = (
				95FC825C22F9D142008B1E10 /* Assets.xcassets in Resources */,
				79CCC35622F7D9BF00FE8E26 /* MainInterface.storyboard in Resources */,
			);
			runOnlyForDeploymentPostprocessing = 0;
		};
		95F00A7C22E73F7300F8F8F1 /* Resources */ = {
			isa = PBXResourcesBuildPhase;
			buildActionMask = 2147483647;
			files = (
				95F00A8C22E73F7500F8F8F1 /* LaunchScreen.storyboard in Resources */,
				95F00A8922E73F7500F8F8F1 /* Assets.xcassets in Resources */,
				95F00A8722E73F7300F8F8F1 /* Main.storyboard in Resources */,
			);
			runOnlyForDeploymentPostprocessing = 0;
		};
		95F00A9022E73F7500F8F8F1 /* Resources */ = {
			isa = PBXResourcesBuildPhase;
			buildActionMask = 2147483647;
			files = (
			);
			runOnlyForDeploymentPostprocessing = 0;
		};
		95F00A9B22E73F7500F8F8F1 /* Resources */ = {
			isa = PBXResourcesBuildPhase;
			buildActionMask = 2147483647;
			files = (
			);
			runOnlyForDeploymentPostprocessing = 0;
		};
/* End PBXResourcesBuildPhase section */

/* Begin PBXSourcesBuildPhase section */
		79CCC34922F7D9BF00FE8E26 /* Sources */ = {
			isa = PBXSourcesBuildPhase;
			buildActionMask = 2147483647;
			files = (
				79CCC35322F7D9BF00FE8E26 /* TodayViewController.swift in Sources */,
				79F4B5A522F805C000F585A1 /* ExtensionUIColor.swift in Sources */,
				79F4B5A422F8058000F585A1 /* FlipLabel.swift in Sources */,
			);
			runOnlyForDeploymentPostprocessing = 0;
		};
		95F00A7A22E73F7300F8F8F1 /* Sources */ = {
			isa = PBXSourcesBuildPhase;
			buildActionMask = 2147483647;
			files = (
				95F00A8422E73F7300F8F8F1 /* ViewController.swift in Sources */,
				95F00AB022E73F9900F8F8F1 /* FlipLabel.swift in Sources */,
				95F00A8222E73F7300F8F8F1 /* AppDelegate.swift in Sources */,
				792CB57D22F4236A00516411 /* ExtensionUIColor.swift in Sources */,
			);
			runOnlyForDeploymentPostprocessing = 0;
		};
		95F00A8E22E73F7500F8F8F1 /* Sources */ = {
			isa = PBXSourcesBuildPhase;
			buildActionMask = 2147483647;
			files = (
				95F00A9722E73F7500F8F8F1 /* FlipClockTests.swift in Sources */,
			);
			runOnlyForDeploymentPostprocessing = 0;
		};
		95F00A9922E73F7500F8F8F1 /* Sources */ = {
			isa = PBXSourcesBuildPhase;
			buildActionMask = 2147483647;
			files = (
				95F00AA222E73F7500F8F8F1 /* FlipClockUITests.swift in Sources */,
			);
			runOnlyForDeploymentPostprocessing = 0;
		};
/* End PBXSourcesBuildPhase section */

/* Begin PBXTargetDependency section */
		79CCC35922F7D9BF00FE8E26 /* PBXTargetDependency */ = {
			isa = PBXTargetDependency;
			target = 79CCC34C22F7D9BF00FE8E26 /* TodayExtension */;
			targetProxy = 79CCC35822F7D9BF00FE8E26 /* PBXContainerItemProxy */;
		};
		95F00A9422E73F7500F8F8F1 /* PBXTargetDependency */ = {
			isa = PBXTargetDependency;
			target = 95F00A7D22E73F7300F8F8F1 /* FlipClock */;
			targetProxy = 95F00A9322E73F7500F8F8F1 /* PBXContainerItemProxy */;
		};
		95F00A9F22E73F7500F8F8F1 /* PBXTargetDependency */ = {
			isa = PBXTargetDependency;
			target = 95F00A7D22E73F7300F8F8F1 /* FlipClock */;
			targetProxy = 95F00A9E22E73F7500F8F8F1 /* PBXContainerItemProxy */;
		};
/* End PBXTargetDependency section */

/* Begin PBXVariantGroup section */
		79CCC35422F7D9BF00FE8E26 /* MainInterface.storyboard */ = {
			isa = PBXVariantGroup;
			children = (
				79CCC35522F7D9BF00FE8E26 /* Base */,
			);
			name = MainInterface.storyboard;
			sourceTree = "<group>";
		};
		95F00A8522E73F7300F8F8F1 /* Main.storyboard */ = {
			isa = PBXVariantGroup;
			children = (
				95F00A8622E73F7300F8F8F1 /* Base */,
			);
			name = Main.storyboard;
			sourceTree = "<group>";
		};
		95F00A8A22E73F7500F8F8F1 /* LaunchScreen.storyboard */ = {
			isa = PBXVariantGroup;
			children = (
				95F00A8B22E73F7500F8F8F1 /* Base */,
			);
			name = LaunchScreen.storyboard;
			sourceTree = "<group>";
		};
/* End PBXVariantGroup section */

/* Begin XCBuildConfiguration section */
		79CCC35B22F7D9BF00FE8E26 /* Debug */ = {
			isa = XCBuildConfiguration;
			buildSettings = {
				CODE_SIGN_STYLE = Automatic;
				DEVELOPMENT_TEAM = HJ2292U93V;
				INFOPLIST_FILE = TodayExtension/Info.plist;
				IPHONEOS_DEPLOYMENT_TARGET = 12.2;
				LD_RUNPATH_SEARCH_PATHS = (
					"$(inherited)",
					"@executable_path/Frameworks",
					"@executable_path/../../Frameworks",
				);
				PRODUCT_BUNDLE_IDENTIFIER = com.anjing.FlipClock.TodayExtension;
				PRODUCT_NAME = "$(TARGET_NAME)";
				SKIP_INSTALL = YES;
				SWIFT_VERSION = 5.0;
				TARGETED_DEVICE_FAMILY = "1,2";
			};
			name = Debug;
		};
		79CCC35C22F7D9BF00FE8E26 /* Release */ = {
			isa = XCBuildConfiguration;
			buildSettings = {
				CODE_SIGN_STYLE = Automatic;
				DEVELOPMENT_TEAM = HJ2292U93V;
				INFOPLIST_FILE = TodayExtension/Info.plist;
				IPHONEOS_DEPLOYMENT_TARGET = 12.2;
				LD_RUNPATH_SEARCH_PATHS = (
					"$(inherited)",
					"@executable_path/Frameworks",
					"@executable_path/../../Frameworks",
				);
				PRODUCT_BUNDLE_IDENTIFIER = com.anjing.FlipClock.TodayExtension;
				PRODUCT_NAME = "$(TARGET_NAME)";
				SKIP_INSTALL = YES;
				SWIFT_VERSION = 5.0;
				TARGETED_DEVICE_FAMILY = "1,2";
			};
			name = Release;
		};
		95F00AA422E73F7500F8F8F1 /* Debug */ = {
			isa = XCBuildConfiguration;
			buildSettings = {
				ALWAYS_SEARCH_USER_PATHS = NO;
				CLANG_ANALYZER_NONNULL = YES;
				CLANG_ANALYZER_NUMBER_OBJECT_CONVERSION = YES_AGGRESSIVE;
				CLANG_CXX_LANGUAGE_STANDARD = "gnu++14";
				CLANG_CXX_LIBRARY = "libc++";
				CLANG_ENABLE_MODULES = YES;
				CLANG_ENABLE_OBJC_ARC = YES;
				CLANG_ENABLE_OBJC_WEAK = YES;
				CLANG_WARN_BLOCK_CAPTURE_AUTORELEASING = YES;
				CLANG_WARN_BOOL_CONVERSION = YES;
				CLANG_WARN_COMMA = YES;
				CLANG_WARN_CONSTANT_CONVERSION = YES;
				CLANG_WARN_DEPRECATED_OBJC_IMPLEMENTATIONS = YES;
				CLANG_WARN_DIRECT_OBJC_ISA_USAGE = YES_ERROR;
				CLANG_WARN_DOCUMENTATION_COMMENTS = YES;
				CLANG_WARN_EMPTY_BODY = YES;
				CLANG_WARN_ENUM_CONVERSION = YES;
				CLANG_WARN_INFINITE_RECURSION = YES;
				CLANG_WARN_INT_CONVERSION = YES;
				CLANG_WARN_NON_LITERAL_NULL_CONVERSION = YES;
				CLANG_WARN_OBJC_IMPLICIT_RETAIN_SELF = YES;
				CLANG_WARN_OBJC_LITERAL_CONVERSION = YES;
				CLANG_WARN_OBJC_ROOT_CLASS = YES_ERROR;
				CLANG_WARN_RANGE_LOOP_ANALYSIS = YES;
				CLANG_WARN_STRICT_PROTOTYPES = YES;
				CLANG_WARN_SUSPICIOUS_MOVE = YES;
				CLANG_WARN_UNGUARDED_AVAILABILITY = YES_AGGRESSIVE;
				CLANG_WARN_UNREACHABLE_CODE = YES;
				CLANG_WARN__DUPLICATE_METHOD_MATCH = YES;
				CODE_SIGN_IDENTITY = "iPhone Developer";
				COPY_PHASE_STRIP = NO;
				DEBUG_INFORMATION_FORMAT = dwarf;
				ENABLE_STRICT_OBJC_MSGSEND = YES;
				ENABLE_TESTABILITY = YES;
				GCC_C_LANGUAGE_STANDARD = gnu11;
				GCC_DYNAMIC_NO_PIC = NO;
				GCC_NO_COMMON_BLOCKS = YES;
				GCC_OPTIMIZATION_LEVEL = 0;
				GCC_PREPROCESSOR_DEFINITIONS = (
					"DEBUG=1",
					"$(inherited)",
				);
				GCC_WARN_64_TO_32_BIT_CONVERSION = YES;
				GCC_WARN_ABOUT_RETURN_TYPE = YES_ERROR;
				GCC_WARN_UNDECLARED_SELECTOR = YES;
				GCC_WARN_UNINITIALIZED_AUTOS = YES_AGGRESSIVE;
				GCC_WARN_UNUSED_FUNCTION = YES;
				GCC_WARN_UNUSED_VARIABLE = YES;
				IPHONEOS_DEPLOYMENT_TARGET = 12.4;
				MTL_ENABLE_DEBUG_INFO = INCLUDE_SOURCE;
				MTL_FAST_MATH = YES;
				ONLY_ACTIVE_ARCH = YES;
				SDKROOT = iphoneos;
				SWIFT_ACTIVE_COMPILATION_CONDITIONS = DEBUG;
				SWIFT_OPTIMIZATION_LEVEL = "-Onone";
			};
			name = Debug;
		};
		95F00AA522E73F7500F8F8F1 /* Release */ = {
			isa = XCBuildConfiguration;
			buildSettings = {
				ALWAYS_SEARCH_USER_PATHS = NO;
				CLANG_ANALYZER_NONNULL = YES;
				CLANG_ANALYZER_NUMBER_OBJECT_CONVERSION = YES_AGGRESSIVE;
				CLANG_CXX_LANGUAGE_STANDARD = "gnu++14";
				CLANG_CXX_LIBRARY = "libc++";
				CLANG_ENABLE_MODULES = YES;
				CLANG_ENABLE_OBJC_ARC = YES;
				CLANG_ENABLE_OBJC_WEAK = YES;
				CLANG_WARN_BLOCK_CAPTURE_AUTORELEASING = YES;
				CLANG_WARN_BOOL_CONVERSION = YES;
				CLANG_WARN_COMMA = YES;
				CLANG_WARN_CONSTANT_CONVERSION = YES;
				CLANG_WARN_DEPRECATED_OBJC_IMPLEMENTATIONS = YES;
				CLANG_WARN_DIRECT_OBJC_ISA_USAGE = YES_ERROR;
				CLANG_WARN_DOCUMENTATION_COMMENTS = YES;
				CLANG_WARN_EMPTY_BODY = YES;
				CLANG_WARN_ENUM_CONVERSION = YES;
				CLANG_WARN_INFINITE_RECURSION = YES;
				CLANG_WARN_INT_CONVERSION = YES;
				CLANG_WARN_NON_LITERAL_NULL_CONVERSION = YES;
				CLANG_WARN_OBJC_IMPLICIT_RETAIN_SELF = YES;
				CLANG_WARN_OBJC_LITERAL_CONVERSION = YES;
				CLANG_WARN_OBJC_ROOT_CLASS = YES_ERROR;
				CLANG_WARN_RANGE_LOOP_ANALYSIS = YES;
				CLANG_WARN_STRICT_PROTOTYPES = YES;
				CLANG_WARN_SUSPICIOUS_MOVE = YES;
				CLANG_WARN_UNGUARDED_AVAILABILITY = YES_AGGRESSIVE;
				CLANG_WARN_UNREACHABLE_CODE = YES;
				CLANG_WARN__DUPLICATE_METHOD_MATCH = YES;
				CODE_SIGN_IDENTITY = "iPhone Developer";
				COPY_PHASE_STRIP = NO;
				DEBUG_INFORMATION_FORMAT = "dwarf-with-dsym";
				ENABLE_NS_ASSERTIONS = NO;
				ENABLE_STRICT_OBJC_MSGSEND = YES;
				GCC_C_LANGUAGE_STANDARD = gnu11;
				GCC_NO_COMMON_BLOCKS = YES;
				GCC_WARN_64_TO_32_BIT_CONVERSION = YES;
				GCC_WARN_ABOUT_RETURN_TYPE = YES_ERROR;
				GCC_WARN_UNDECLARED_SELECTOR = YES;
				GCC_WARN_UNINITIALIZED_AUTOS = YES_AGGRESSIVE;
				GCC_WARN_UNUSED_FUNCTION = YES;
				GCC_WARN_UNUSED_VARIABLE = YES;
				IPHONEOS_DEPLOYMENT_TARGET = 12.4;
				MTL_ENABLE_DEBUG_INFO = NO;
				MTL_FAST_MATH = YES;
				SDKROOT = iphoneos;
				SWIFT_COMPILATION_MODE = wholemodule;
				SWIFT_OPTIMIZATION_LEVEL = "-O";
				VALIDATE_PRODUCT = YES;
			};
			name = Release;
		};
		95F00AA722E73F7500F8F8F1 /* Debug */ = {
			isa = XCBuildConfiguration;
			buildSettings = {
				ALWAYS_EMBED_SWIFT_STANDARD_LIBRARIES = YES;
				ASSETCATALOG_COMPILER_APPICON_NAME = AppIcon;
				CODE_SIGN_STYLE = Automatic;
				DEVELOPMENT_TEAM = HJ2292U93V;
				INFOPLIST_FILE = FlipClock/Info.plist;
				IPHONEOS_DEPLOYMENT_TARGET = 10.0;
				LD_RUNPATH_SEARCH_PATHS = (
					"$(inherited)",
					"@executable_path/Frameworks",
				);
				PRODUCT_BUNDLE_IDENTIFIER = com.anjing.FlipClock;
				PRODUCT_NAME = "$(TARGET_NAME)";
				SWIFT_VERSION = 5.0;
				TARGETED_DEVICE_FAMILY = "1,2";
			};
			name = Debug;
		};
		95F00AA822E73F7500F8F8F1 /* Release */ = {
			isa = XCBuildConfiguration;
			buildSettings = {
				ALWAYS_EMBED_SWIFT_STANDARD_LIBRARIES = YES;
				ASSETCATALOG_COMPILER_APPICON_NAME = AppIcon;
				CODE_SIGN_STYLE = Automatic;
				DEVELOPMENT_TEAM = HJ2292U93V;
				INFOPLIST_FILE = FlipClock/Info.plist;
				IPHONEOS_DEPLOYMENT_TARGET = 10.0;
				LD_RUNPATH_SEARCH_PATHS = (
					"$(inherited)",
					"@executable_path/Frameworks",
				);
				PRODUCT_BUNDLE_IDENTIFIER = com.anjing.FlipClock;
				PRODUCT_NAME = "$(TARGET_NAME)";
				SWIFT_VERSION = 5.0;
				TARGETED_DEVICE_FAMILY = "1,2";
			};
			name = Release;
		};
		95F00AAA22E73F7500F8F8F1 /* Debug */ = {
			isa = XCBuildConfiguration;
			buildSettings = {
				ALWAYS_EMBED_SWIFT_STANDARD_LIBRARIES = YES;
				BUNDLE_LOADER = "$(TEST_HOST)";
				CODE_SIGN_STYLE = Automatic;
				DEVELOPMENT_TEAM = HJ2292U93V;
				INFOPLIST_FILE = FlipClockTests/Info.plist;
				LD_RUNPATH_SEARCH_PATHS = (
					"$(inherited)",
					"@executable_path/Frameworks",
					"@loader_path/Frameworks",
				);
				PRODUCT_BUNDLE_IDENTIFIER = com.anjing.FlipClockTests;
				PRODUCT_NAME = "$(TARGET_NAME)";
				SWIFT_VERSION = 5.0;
				TARGETED_DEVICE_FAMILY = "1,2";
				TEST_HOST = "$(BUILT_PRODUCTS_DIR)/FlipClock.app/FlipClock";
			};
			name = Debug;
		};
		95F00AAB22E73F7500F8F8F1 /* Release */ = {
			isa = XCBuildConfiguration;
			buildSettings = {
				ALWAYS_EMBED_SWIFT_STANDARD_LIBRARIES = YES;
				BUNDLE_LOADER = "$(TEST_HOST)";
				CODE_SIGN_STYLE = Automatic;
				DEVELOPMENT_TEAM = HJ2292U93V;
				INFOPLIST_FILE = FlipClockTests/Info.plist;
				LD_RUNPATH_SEARCH_PATHS = (
					"$(inherited)",
					"@executable_path/Frameworks",
					"@loader_path/Frameworks",
				);
				PRODUCT_BUNDLE_IDENTIFIER = com.anjing.FlipClockTests;
				PRODUCT_NAME = "$(TARGET_NAME)";
				SWIFT_VERSION = 5.0;
				TARGETED_DEVICE_FAMILY = "1,2";
				TEST_HOST = "$(BUILT_PRODUCTS_DIR)/FlipClock.app/FlipClock";
			};
			name = Release;
		};
		95F00AAD22E73F7500F8F8F1 /* Debug */ = {
			isa = XCBuildConfiguration;
			buildSettings = {
				ALWAYS_EMBED_SWIFT_STANDARD_LIBRARIES = YES;
				CODE_SIGN_STYLE = Automatic;
				DEVELOPMENT_TEAM = HJ2292U93V;
				INFOPLIST_FILE = FlipClockUITests/Info.plist;
				LD_RUNPATH_SEARCH_PATHS = (
					"$(inherited)",
					"@executable_path/Frameworks",
					"@loader_path/Frameworks",
				);
				PRODUCT_BUNDLE_IDENTIFIER = com.anjing.FlipClockUITests;
				PRODUCT_NAME = "$(TARGET_NAME)";
				SWIFT_VERSION = 5.0;
				TARGETED_DEVICE_FAMILY = "1,2";
				TEST_TARGET_NAME = FlipClock;
			};
			name = Debug;
		};
		95F00AAE22E73F7500F8F8F1 /* Release */ = {
			isa = XCBuildConfiguration;
			buildSettings = {
				ALWAYS_EMBED_SWIFT_STANDARD_LIBRARIES = YES;
				CODE_SIGN_STYLE = Automatic;
				DEVELOPMENT_TEAM = HJ2292U93V;
				INFOPLIST_FILE = FlipClockUITests/Info.plist;
				LD_RUNPATH_SEARCH_PATHS = (
					"$(inherited)",
					"@executable_path/Frameworks",
					"@loader_path/Frameworks",
				);
				PRODUCT_BUNDLE_IDENTIFIER = com.anjing.FlipClockUITests;
				PRODUCT_NAME = "$(TARGET_NAME)";
				SWIFT_VERSION = 5.0;
				TARGETED_DEVICE_FAMILY = "1,2";
				TEST_TARGET_NAME = FlipClock;
			};
			name = Release;
		};
/* End XCBuildConfiguration section */

/* Begin XCConfigurationList section */
		79CCC35D22F7D9BF00FE8E26 /* Build configuration list for PBXNativeTarget "TodayExtension" */ = {
			isa = XCConfigurationList;
			buildConfigurations = (
				79CCC35B22F7D9BF00FE8E26 /* Debug */,
				79CCC35C22F7D9BF00FE8E26 /* Release */,
			);
			defaultConfigurationIsVisible = 0;
			defaultConfigurationName = Release;
		};
		95F00A7922E73F7300F8F8F1 /* Build configuration list for PBXProject "FlipClock" */ = {
			isa = XCConfigurationList;
			buildConfigurations = (
				95F00AA422E73F7500F8F8F1 /* Debug */,
				95F00AA522E73F7500F8F8F1 /* Release */,
			);
			defaultConfigurationIsVisible = 0;
			defaultConfigurationName = Release;
		};
		95F00AA622E73F7500F8F8F1 /* Build configuration list for PBXNativeTarget "FlipClock" */ = {
			isa = XCConfigurationList;
			buildConfigurations = (
				95F00AA722E73F7500F8F8F1 /* Debug */,
				95F00AA822E73F7500F8F8F1 /* Release */,
			);
			defaultConfigurationIsVisible = 0;
			defaultConfigurationName = Release;
		};
		95F00AA922E73F7500F8F8F1 /* Build configuration list for PBXNativeTarget "FlipClockTests" */ = {
			isa = XCConfigurationList;
			buildConfigurations = (
				95F00AAA22E73F7500F8F8F1 /* Debug */,
				95F00AAB22E73F7500F8F8F1 /* Release */,
			);
			defaultConfigurationIsVisible = 0;
			defaultConfigurationName = Release;
		};
		95F00AAC22E73F7500F8F8F1 /* Build configuration list for PBXNativeTarget "FlipClockUITests" */ = {
			isa = XCConfigurationList;
			buildConfigurations = (
				95F00AAD22E73F7500F8F8F1 /* Debug */,
				95F00AAE22E73F7500F8F8F1 /* Release */,
			);
			defaultConfigurationIsVisible = 0;
			defaultConfigurationName = Release;
		};
/* End XCConfigurationList section */
	};
	rootObject = 95F00A7622E73F7300F8F8F1 /* Project object */;
}
